
Microsoft Visual Studio Solution File, Format Version 12.00
# Visual Studio Version 17
VisualStudioVersion = 17.3.32825.248
MinimumVisualStudioVersion = 10.0.40219.1
Project("{FAE04EC0-301F-11D3-BF4B-00C04F79EFBC}") = "ASP web app", "ASP web app.csproj", "{54077387-1A13-43EF-ADF4-620EC8878F06}"
EndProject
Global
	GlobalSection(SolutionConfigurationPlatforms) = preSolution
		Debug|Any CPU = Debug|Any CPU
		Release|Any CPU = Release|Any CPU
	EndGlobalSection
	GlobalSection(ProjectConfigurationPlatforms) = postSolution
		{54077387-1A13-43EF-ADF4-620EC8878F06}.Debug|Any CPU.ActiveCfg = Debug|Any CPU
		{54077387-1A13-43EF-ADF4-620EC8878F06}.Debug|Any CPU.Build.0 = Debug|Any CPU
		{54077387-1A13-43EF-ADF4-620EC8878F06}.Release|Any CPU.ActiveCfg = Release|Any CPU
		{54077387-1A13-43EF-ADF4-620EC8878F06}.Release|Any CPU.Build.0 = Release|Any CPU
	EndGlobalSection
	GlobalSection(SolutionProperties) = preSolution
		HideSolutionNode = FALSE
	EndGlobalSection
	GlobalSection(ExtensibilityGlobals) = postSolution
		SolutionGuid = {B7F749AE-3527-4462-82D3-6C77BE0C5469}
	EndGlobalSection
EndGlobal
